
Microsoft Visual Studio Solution File, Format Version 12.00
# Visual Studio Version 17
VisualStudioVersion = 17.8.34525.116
MinimumVisualStudioVersion = 10.0.40219.1
Project("{FAE04EC0-301F-11D3-BF4B-00C04F79EFBC}") = "1lab", "1lab\1lab.csproj", "{728CEBCE-8512-4CD6-9AF1-5A7E2183DABA}"
EndProject
Global
	GlobalSection(SolutionConfigurationPlatforms) = preSolution
		Debug|Any CPU = Debug|Any CPU
		Release|Any CPU = Release|Any CPU
	EndGlobalSection
	GlobalSection(ProjectConfigurationPlatforms) = postSolution
		{728CEBCE-8512-4CD6-9AF1-5A7E2183DABA}.Debug|Any CPU.ActiveCfg = Debug|Any CPU
		{728CEBCE-8512-4CD6-9AF1-5A7E2183DABA}.Debug|Any CPU.Build.0 = Debug|Any CPU
		{728CEBCE-8512-4CD6-9AF1-5A7E2183DABA}.Release|Any CPU.ActiveCfg = Release|Any CPU
		{728CEBCE-8512-4CD6-9AF1-5A7E2183DABA}.Release|Any CPU.Build.0 = Release|Any CPU
	EndGlobalSection
	GlobalSection(SolutionProperties) = preSolution
		HideSolutionNode = FALSE
	EndGlobalSection
	GlobalSection(ExtensibilityGlobals) = postSolution
		SolutionGuid = {FE462943-D142-42CF-82E4-953640BB09EF}
	EndGlobalSection
EndGlobal
